
Microsoft Visual Studio Solution File, Format Version 12.00
# Visual Studio Version 17
VisualStudioVersion = 17.7.34202.233
MinimumVisualStudioVersion = 10.0.40219.1
Project("{FAE04EC0-301F-11D3-BF4B-00C04F79EFBC}") = "ReferKing", "ReferKing\ReferKing.csproj", "{4D4F3DEE-E4B9-4889-A87C-13A9CB29838C}"
EndProject
Global
	GlobalSection(SolutionConfigurationPlatforms) = preSolution
		Debug|Any CPU = Debug|Any CPU
		Release|Any CPU = Release|Any CPU
	EndGlobalSection
	GlobalSection(ProjectConfigurationPlatforms) = postSolution
		{4D4F3DEE-E4B9-4889-A87C-13A9CB29838C}.Debug|Any CPU.ActiveCfg = Debug|Any CPU
		{4D4F3DEE-E4B9-4889-A87C-13A9CB29838C}.Debug|Any CPU.Build.0 = Debug|Any CPU
		{4D4F3DEE-E4B9-4889-A87C-13A9CB29838C}.Release|Any CPU.ActiveCfg = Release|Any CPU
		{4D4F3DEE-E4B9-4889-A87C-13A9CB29838C}.Release|Any CPU.Build.0 = Release|Any CPU
	EndGlobalSection
	GlobalSection(SolutionProperties) = preSolution
		HideSolutionNode = FALSE
	EndGlobalSection
	GlobalSection(ExtensibilityGlobals) = postSolution
		SolutionGuid = {CE4CCFE6-88CC-4F47-956B-802F94427D70}
	EndGlobalSection
EndGlobal
